
Microsoft Visual Studio Solution File, Format Version 12.00
# Visual Studio Version 16
VisualStudioVersion = 16.0.29806.167
MinimumVisualStudioVersion = 10.0.40219.1
Project("{9A19103F-16F7-4668-BE54-9A1E7A4F7556}") = "Learning.NET", "Learning.NET\Learning.NET.csproj", "{CAB8417E-2309-4683-B2E8-EAB66EB3EA21}"
EndProject
Project("{2150E333-8FDC-42A3-9474-1A3956D46DE8}") = "Solution Items", "Solution Items", "{104EF204-445F-4803-A76D-5DA8B6AE5AB5}"
	ProjectSection(SolutionItems) = preProject
		.editorconfig = .editorconfig
	EndProjectSection
EndProject
Global
	GlobalSection(SolutionConfigurationPlatforms) = preSolution
		Debug|Any CPU = Debug|Any CPU
		Release|Any CPU = Release|Any CPU
	EndGlobalSection
	GlobalSection(ProjectConfigurationPlatforms) = postSolution
		{CAB8417E-2309-4683-B2E8-EAB66EB3EA21}.Debug|Any CPU.ActiveCfg = Debug|Any CPU
		{CAB8417E-2309-4683-B2E8-EAB66EB3EA21}.Debug|Any CPU.Build.0 = Debug|Any CPU
		{CAB8417E-2309-4683-B2E8-EAB66EB3EA21}.Release|Any CPU.ActiveCfg = Release|Any CPU
		{CAB8417E-2309-4683-B2E8-EAB66EB3EA21}.Release|Any CPU.Build.0 = Release|Any CPU
	EndGlobalSection
	GlobalSection(SolutionProperties) = preSolution
		HideSolutionNode = FALSE
	EndGlobalSection
	GlobalSection(ExtensibilityGlobals) = postSolution
		SolutionGuid = {DEB80F9F-BA4A-400D-917B-E0374D8AB493}
	EndGlobalSection
EndGlobal
